<?xml version="1.0" encoding="utf-8"?>
<Project ToolsVersion="4.0" xmlns="http://schemas.microsoft.com/developer/msbuild/2003">
  <ItemGroup>
    <Filter Include="Source Files">
      <UniqueIdentifier>{4FC737F1-C7A5-4376-A066-2A32D752A2FF}</UniqueIdentifier>
      <Extensions>cpp;c;cc;cxx;c++;cppm;ixx;def;odl;idl;hpj;bat;asm;asmx</Extensions>
    </Filter>
    <Filter Include="Header Files">
      <UniqueIdentifier>{93995380-89BD-4b04-88EB-625FBE52EBFB}</UniqueIdentifier>
      <Extensions>h;hh;hpp;hxx;h++;hm;inl;inc;ipp;xsd</Extensions>
    </Filter>
    <Filter Include="Resource Files">
      <UniqueIdentifier>{67DA6AB6-F800-4c08-8B7A-83BB121AAD01}</UniqueIdentifier>
      <Extensions>rc;ico;cur;bmp;dlg;rc2;rct;bin;rgs;gif;jpg;jpeg;jpe;resx;tiff;tif;png;wav;mfcribbon-ms</Extensions>
    </Filter>
  </ItemGroup>
  <ItemGroup>
    <ClCompile Include="dataStructuresProject.cpp">
      <Filter>Source Files</Filter>
    </ClCompile>
    <ClCompile Include="DialogueNode.cpp">
      <Filter>Source Files</Filter>
    </ClCompile>
    <ClCompile Include="TalkingNPC.cpp">
      <Filter>Source Files</Filter>
    </ClCompile>
    <ClCompile Include="RoadsideBeggar.cpp">
      <Filter>Source Files</Filter>
    </ClCompile>
    <ClCompile Include="ManChoppingWood.cpp">
      <Filter>Source Files</Filter>
    </ClCompile>
    <ClCompile Include="Location.cpp">
      <Filter>Source Files</Filter>
    </ClCompile>
    <ClCompile Include="Action.cpp">
      <Filter>Source Files</Filter>
    </ClCompile>
    <ClCompile Include="TownSquare.cpp">
      <Filter>Source Files</Filter>
    </ClCompile>
    <ClCompile Include="TalkToCitizen.cpp">
      <Filter>Source Files</Filter>
    </ClCompile>
    <ClCompile Include="Merchant.cpp">
      <Filter>Source Files</Filter>
    </ClCompile>
    <ClCompile Include="GameMap.cpp">
      <Filter>Source Files</Filter>
    </ClCompile>
    <ClCompile Include="MoveTo.cpp">
      <Filter>Source Files</Filter>
    </ClCompile>
    <ClCompile Include="RoadToWoods.cpp">
      <Filter>Source Files</Filter>
    </ClCompile>
    <ClCompile Include="TalkToBegger.cpp">
      <Filter>Source Files</Filter>
    </ClCompile>
    <ClCompile Include="gameMenu.cpp">
      <Filter>Source Files</Filter>
    </ClCompile>
    <ClCompile Include="characters.cpp">
      <Filter>Source Files</Filter>
    </ClCompile>
    <ClCompile Include="inventory.cpp">
      <Filter>Source Files</Filter>
    </ClCompile>
    <ClCompile Include="shop.cpp">
      <Filter>Source Files</Filter>
    </ClCompile>
    <ClCompile Include="battleSequence.cpp">
      <Filter>Source Files</Filter>
    </ClCompile>
    <ClCompile Include="GameMenuAction.cpp">
      <Filter>Source Files</Filter>
    </ClCompile>
    <ClCompile Include="PathThroughWoods.cpp">
      <Filter>Source Files</Filter>
    </ClCompile>
    <ClCompile Include="OrcCamp.cpp">
      <Filter>Source Files</Filter>
    </ClCompile>
    <ClCompile Include="Beast.cpp">
      <Filter>Source Files</Filter>
    </ClCompile>
    <ClCompile Include="ShadyPeople.cpp">
      <Filter>Source Files</Filter>
    </ClCompile>
    <ClCompile Include="Citizen.cpp">
      <Filter>Source Files</Filter>
    </ClCompile>
    <ClCompile Include="ShadyPerson.cpp">
      <Filter>Source Files</Filter>
    </ClCompile>
    <ClCompile Include="TalkToShadyPerson.cpp">
      <Filter>Source Files</Filter>
    </ClCompile>
    <ClCompile Include="TalkToWoodsman.cpp">
      <Filter>Source Files</Filter>
    </ClCompile>
  </ItemGroup>
  <ItemGroup>
    <ClInclude Include="DialogueNode.h">
      <Filter>Header Files</Filter>
    </ClInclude>
    <ClInclude Include="TalkingNPC.h">
      <Filter>Header Files</Filter>
    </ClInclude>
    <ClInclude Include="RoadsideBeggar.h">
      <Filter>Header Files</Filter>
    </ClInclude>
    <ClInclude Include="ManChoppingWood.h">
      <Filter>Header Files</Filter>
    </ClInclude>
    <ClInclude Include="Location.h">
      <Filter>Header Files</Filter>
    </ClInclude>
    <ClInclude Include="Action.h">
      <Filter>Header Files</Filter>
    </ClInclude>
    <ClInclude Include="TownSquare.h">
      <Filter>Header Files</Filter>
    </ClInclude>
    <ClInclude Include="TalkToCitizen.h">
      <Filter>Header Files</Filter>
    </ClInclude>
    <ClInclude Include="Merchant.h">
      <Filter>Header Files</Filter>
    </ClInclude>
    <ClInclude Include="GameMap.h">
      <Filter>Header Files</Filter>
    </ClInclude>
    <ClInclude Include="MoveTo.h">
      <Filter>Header Files</Filter>
    </ClInclude>
    <ClInclude Include="RoadToWoods.h">
      <Filter>Header Files</Filter>
    </ClInclude>
    <ClInclude Include="TalkToBegger.h">
      <Filter>Header Files</Filter>
    </ClInclude>
    <ClInclude Include="gameMenu.h">
      <Filter>Header Files</Filter>
    </ClInclude>
    <ClInclude Include="characters.h">
      <Filter>Header Files</Filter>
    </ClInclude>
    <ClInclude Include="shop.h">
      <Filter>Header Files</Filter>
    </ClInclude>
    <ClInclude Include="battleSequence.h">
      <Filter>Header Files</Filter>
    </ClInclude>
    <ClInclude Include="GameMenuAction.h">
      <Filter>Header Files</Filter>
    </ClInclude>
    <ClInclude Include="ActionResponse.h">
      <Filter>Header Files</Filter>
    </ClInclude>
    <ClInclude Include="PathThroughWoods.h">
      <Filter>Header Files</Filter>
    </ClInclude>
    <ClInclude Include="OrcCamp.h">
      <Filter>Header Files</Filter>
    </ClInclude>
    <ClInclude Include="Beast.h">
      <Filter>Header Files</Filter>
    </ClInclude>
    <ClInclude Include="ShadyPeople.h">
      <Filter>Header Files</Filter>
    </ClInclude>
    <ClInclude Include="Citizen.h">
      <Filter>Header Files</Filter>
    </ClInclude>
    <ClInclude Include="ShadyPerson.h">
      <Filter>Header Files</Filter>
    </ClInclude>
    <ClInclude Include="TalkToShadyPerson.h">
      <Filter>Header Files</Filter>
    </ClInclude>
    <ClInclude Include="TalkToWoodsman.h">
      <Filter>Header Files</Filter>
    </ClInclude>
  </ItemGroup>
  <ItemGroup>
    <None Include=".gitignore" />
  </ItemGroup>
</Project>